#!r6rs ; -*- mode: scheme; coding: utf-8 -*-
;; This file is automatically generated - do not change it by hand.
(import (akku format lockfile))
(projects
  ((name "chez-srfi")
    (location (git "https://github.com/arcfide/chez-srfi"))
    (revision "23c1e3529397e14d2d7a685ff3bd8c5c79d34010"))
  ((name "hashing")
    (location (git "https://github.com/weinholt/hashing.git"))
    (tag "v1.2.0")
    (revision "f138deaec38d54ddb621c082764ece276deebe7f")))
